{
  "name": "intentius-site",
  "lockfileVersion": 3,
  "requires": true,
  "packages": {
    "": {
      "name": "intentius-site",
      "devDependencies": {
        "sentences": "^0.1.1"
      }
    },
    "node_modules/compromise": {
      "version": "14.17.0",
      "resolved": "https://registry.npmjs.org/compromise/-/compromise-14.17.0.tgz",
      "integrity": "sha512-zw9iEcts/8tMDASNopMQEs3Pclkx2Xk7XCltAb/oV1LEZcCQpDaalAtFmvuxYo+wnVDsW3H3oT16mw9qVHpkqA==",
      "dev": true,
      "license": "MIT",
      "dependencies": {
        "efrt": "2.7.0",
        "grad-school": "0.0.5",
        "suffix-thumb": "5.0.3"
      },
      "engines": {
        "node": ">=12.0.0"
      }
    },
    "node_modules/efrt": {
      "version": "2.7.0",
      "resolved": "https://registry.npmjs.org/efrt/-/efrt-2.7.0.tgz",
      "integrity": "sha512-/RInbCy1d4P6Zdfa+TMVsf/ufZVotat5hCw3QXmWtjU+3pFEOvOQ7ibo3aIxyCJw2leIeAMjmPj+1SLJiCpdrQ==",
      "dev": true,
      "license": "MIT",
      "engines": {
        "node": ">=12.0.0"
      }
    },
    "node_modules/grad-school": {
      "version": "0.0.5",
      "resolved": "https://registry.npmjs.org/grad-school/-/grad-school-0.0.5.tgz",
      "integrity": "sha512-rXunEHF9M9EkMydTBux7+IryYXEZinRk6g8OBOGDBzo/qWJjhTxy86i5q7lQYpCLHN8Sqv1XX3OIOc7ka2gtvQ==",
      "dev": true,
      "license": "MIT",
      "engines": {
        "node": ">=8.0.0"
      }
    },
    "node_modules/sentences": {
      "version": "0.1.1",
      "resolved": "https://registry.npmjs.org/sentences/-/sentences-0.1.1.tgz",
      "integrity": "sha512-xCRST4LvxpoNmwlX0eiAZroDTm+kdCCvLWClbLBEO/KXD3wwssCJe3HneNtkytD1CDha2fzjiC7kMy9ksuQ8ow==",
      "dev": true,
      "license": "MIT",
      "dependencies": {
        "compromise": "^14.15.1"
      }
    },
    "node_modules/suffix-thumb": {
      "version": "5.0.3",
      "resolved": "https://registry.npmjs.org/suffix-thumb/-/suffix-thumb-5.0.3.tgz",
      "integrity": "sha512-d77avV91FwJkDA0juRQ19XjE1lE1cNCVIWS0ZRicXqdMN28yjO5LltzEkZBNAWS7qHpn37c1fU4PkIJ/rjJQEA==",
      "dev": true,
      "license": "MIT"
    }
  }
}
